
Microsoft Visual Studio Solution File, Format Version 12.00
# Visual Studio 15
VisualStudioVersion = 15.0.28010.2048
MinimumVisualStudioVersion = 10.0.40219.1
Project("{F184B08F-C81C-45F6-A57F-5ABD9991F28F}") = "A12R_Jimene", "A12R_Jimene\A12R_Jimene.vbproj", "{EB3C32D5-64D3-4F8F-B495-C7493E0308F2}"
EndProject
Global
	GlobalSection(SolutionConfigurationPlatforms) = preSolution
		Debug|Any CPU = Debug|Any CPU
		Release|Any CPU = Release|Any CPU
	EndGlobalSection
	GlobalSection(ProjectConfigurationPlatforms) = postSolution
		{EB3C32D5-64D3-4F8F-B495-C7493E0308F2}.Debug|Any CPU.ActiveCfg = Debug|Any CPU
		{EB3C32D5-64D3-4F8F-B495-C7493E0308F2}.Debug|Any CPU.Build.0 = Debug|Any CPU
		{EB3C32D5-64D3-4F8F-B495-C7493E0308F2}.Release|Any CPU.ActiveCfg = Release|Any CPU
		{EB3C32D5-64D3-4F8F-B495-C7493E0308F2}.Release|Any CPU.Build.0 = Release|Any CPU
	EndGlobalSection
	GlobalSection(SolutionProperties) = preSolution
		HideSolutionNode = FALSE
	EndGlobalSection
	GlobalSection(ExtensibilityGlobals) = postSolution
		SolutionGuid = {76944EDE-4A1C-4366-9D85-40F723890E57}
	EndGlobalSection
EndGlobal
